<Solution>
  <Folder Name="/App/">
    <Project Path="App/ShipDataViewer.Core/ShipDataViewer.Core.csproj" />
    <Project Path="App/ShipDataViewer.Shell.Tests/ShipDataViewer.Shell.Tests.csproj" />
    <Project Path="App/ShipDataViewer.Shell/ShipDataViewer.Shell.csproj" />
  </Folder>
  <Folder Name="/Services/">
    <Project Path="Services/AisStream/AisStream.csproj" />
    <Project Path="Services/Org.OpenAPITools/Org.OpenAPITools.csproj" />
  </Folder>
</Solution>
